{
  "name": "staff",
  "version": "1.0.0",
  "lockfileVersion": 1,
  "requires": true,
  "dependencies": {
    "@openui5/sap.m": {
      "version": "1.64.0",
      "resolved": "https://registry.npmjs.org/@openui5/sap.m/-/sap.m-1.64.0.tgz",
      "integrity": "sha512-2uU203E+6TfxkI9uGWpu+bigNJw4ocuieyYlejQMSrc2z/uOYQVcjQy/+G3bNhkeQ39EXVQK5ZFR0S0NqSqr1A==",
      "requires": {
        "@openui5/sap.ui.core": "1.64.0",
        "@openui5/sap.ui.unified": "1.64.0"
      }
    },
    "@openui5/sap.ui.core": {
      "version": "1.64.0",
      "resolved": "https://registry.npmjs.org/@openui5/sap.ui.core/-/sap.ui.core-1.64.0.tgz",
      "integrity": "sha512-gRYmuKoqWTJd0YveARbYcMJvVB2TZD8vgdE7japYGbthn9oCEaZPrb9nELP9cBATk5jS7UAHJHS76yLok91ZaA=="
    },
    "@openui5/sap.ui.unified": {
      "version": "1.64.0",
      "resolved": "https://registry.npmjs.org/@openui5/sap.ui.unified/-/sap.ui.unified-1.64.0.tgz",
      "integrity": "sha512-Px0l4Mpg/8ExeaXTdtwkMipFI3jhwRQkQIrLwYQv7mfoxM8Ek25nchmiQC0Z4KYaFtAn7CiLmEckU+riC2Dk0w==",
      "requires": {
        "@openui5/sap.ui.core": "1.64.0"
      }
    },
    "@openui5/themelib_sap_belize": {
      "version": "1.64.0",
      "resolved": "https://registry.npmjs.org/@openui5/themelib_sap_belize/-/themelib_sap_belize-1.64.0.tgz",
      "integrity": "sha512-cRGYpmAiDG6HdR+frblkutMnFcW9pE3rQTuwLPcCu77DlUkg742yapbCCio1UvXVhLN25FE6znQvCMCQ7nqwcw=="
    }
  }
}
